
Microsoft Visual Studio Solution File, Format Version 12.00
# Visual Studio 15
Project("{FAE04EC0-301F-11D3-BF4B-00C04F79EFBC}") = "PlayFabEditorExtensions", "PlayFabEditorExtensions.csproj", "{7AB1B2BE-2B0D-9E3D-C2BF-763135729E73}"
EndProject
Project("{FAE04EC0-301F-11D3-BF4B-00C04F79EFBC}") = "PlayFab", "PlayFab.csproj", "{91FBB176-6BF3-90AB-1555-70780EA9AF51}"
EndProject
Project("{FAE04EC0-301F-11D3-BF4B-00C04F79EFBC}") = "Assembly-CSharp", "Assembly-CSharp.csproj", "{9475CB05-954B-4F0E-3EDE-F852CCCC31A2}"
EndProject
Project("{FAE04EC0-301F-11D3-BF4B-00C04F79EFBC}") = "PlayFabSDKEditor", "PlayFabSDKEditor.csproj", "{9747E7EB-82BF-A01B-3CEB-803DC2C279B3}"
EndProject
Project("{FAE04EC0-301F-11D3-BF4B-00C04F79EFBC}") = "Assembly-CSharp-Editor-firstpass", "Assembly-CSharp-Editor-firstpass.csproj", "{698E1CF5-068B-A2BE-EBEE-E9EEAB113EE8}"
EndProject
Project("{FAE04EC0-301F-11D3-BF4B-00C04F79EFBC}") = "Assembly-CSharp-firstpass", "Assembly-CSharp-firstpass.csproj", "{8874C19D-16AA-0F01-7D7C-45C908405B30}"
EndProject
Global
	GlobalSection(SolutionConfigurationPlatforms) = preSolution
		Debug|Any CPU = Debug|Any CPU
		Release|Any CPU = Release|Any CPU
	EndGlobalSection
	GlobalSection(ProjectConfigurationPlatforms) = postSolution
		{7AB1B2BE-2B0D-9E3D-C2BF-763135729E73}.Debug|Any CPU.ActiveCfg = Debug|Any CPU
		{7AB1B2BE-2B0D-9E3D-C2BF-763135729E73}.Debug|Any CPU.Build.0 = Debug|Any CPU
		{7AB1B2BE-2B0D-9E3D-C2BF-763135729E73}.Release|Any CPU.ActiveCfg = Release|Any CPU
		{7AB1B2BE-2B0D-9E3D-C2BF-763135729E73}.Release|Any CPU.Build.0 = Release|Any CPU
		{91FBB176-6BF3-90AB-1555-70780EA9AF51}.Debug|Any CPU.ActiveCfg = Debug|Any CPU
		{91FBB176-6BF3-90AB-1555-70780EA9AF51}.Debug|Any CPU.Build.0 = Debug|Any CPU
		{91FBB176-6BF3-90AB-1555-70780EA9AF51}.Release|Any CPU.ActiveCfg = Release|Any CPU
		{91FBB176-6BF3-90AB-1555-70780EA9AF51}.Release|Any CPU.Build.0 = Release|Any CPU
		{9475CB05-954B-4F0E-3EDE-F852CCCC31A2}.Debug|Any CPU.ActiveCfg = Debug|Any CPU
		{9475CB05-954B-4F0E-3EDE-F852CCCC31A2}.Debug|Any CPU.Build.0 = Debug|Any CPU
		{9475CB05-954B-4F0E-3EDE-F852CCCC31A2}.Release|Any CPU.ActiveCfg = Release|Any CPU
		{9475CB05-954B-4F0E-3EDE-F852CCCC31A2}.Release|Any CPU.Build.0 = Release|Any CPU
		{9747E7EB-82BF-A01B-3CEB-803DC2C279B3}.Debug|Any CPU.ActiveCfg = Debug|Any CPU
		{9747E7EB-82BF-A01B-3CEB-803DC2C279B3}.Debug|Any CPU.Build.0 = Debug|Any CPU
		{9747E7EB-82BF-A01B-3CEB-803DC2C279B3}.Release|Any CPU.ActiveCfg = Release|Any CPU
		{9747E7EB-82BF-A01B-3CEB-803DC2C279B3}.Release|Any CPU.Build.0 = Release|Any CPU
		{698E1CF5-068B-A2BE-EBEE-E9EEAB113EE8}.Debug|Any CPU.ActiveCfg = Debug|Any CPU
		{698E1CF5-068B-A2BE-EBEE-E9EEAB113EE8}.Debug|Any CPU.Build.0 = Debug|Any CPU
		{698E1CF5-068B-A2BE-EBEE-E9EEAB113EE8}.Release|Any CPU.ActiveCfg = Release|Any CPU
		{698E1CF5-068B-A2BE-EBEE-E9EEAB113EE8}.Release|Any CPU.Build.0 = Release|Any CPU
		{8874C19D-16AA-0F01-7D7C-45C908405B30}.Debug|Any CPU.ActiveCfg = Debug|Any CPU
		{8874C19D-16AA-0F01-7D7C-45C908405B30}.Debug|Any CPU.Build.0 = Debug|Any CPU
		{8874C19D-16AA-0F01-7D7C-45C908405B30}.Release|Any CPU.ActiveCfg = Release|Any CPU
		{8874C19D-16AA-0F01-7D7C-45C908405B30}.Release|Any CPU.Build.0 = Release|Any CPU
	EndGlobalSection
	GlobalSection(SolutionProperties) = preSolution
		HideSolutionNode = FALSE
	EndGlobalSection
EndGlobal
